
Microsoft Visual Studio Solution File, Format Version 12.00
# Visual Studio 14
VisualStudioVersion = 14.0.23107.0
MinimumVisualStudioVersion = 10.0.40219.1
Project("{FAE04EC0-301F-11D3-BF4B-00C04F79EFBC}") = "NewKillingStory", "NewKillingStory\NewKillingStory.csproj", "{3C3B50FC-198E-470E-A409-324D8AF8D159}"
EndProject
Global
	GlobalSection(SolutionConfigurationPlatforms) = preSolution
		Debug|x86 = Debug|x86
		Release|x86 = Release|x86
	EndGlobalSection
	GlobalSection(ProjectConfigurationPlatforms) = postSolution
		{3C3B50FC-198E-470E-A409-324D8AF8D159}.Debug|x86.ActiveCfg = Debug|x86
		{3C3B50FC-198E-470E-A409-324D8AF8D159}.Debug|x86.Build.0 = Debug|x86
		{3C3B50FC-198E-470E-A409-324D8AF8D159}.Release|x86.ActiveCfg = Release|x86
		{3C3B50FC-198E-470E-A409-324D8AF8D159}.Release|x86.Build.0 = Release|x86
	EndGlobalSection
	GlobalSection(SolutionProperties) = preSolution
		HideSolutionNode = FALSE
	EndGlobalSection
EndGlobal
